# THIS IS AN AUTOGENERATED FILE. DO NOT EDIT THIS FILE DIRECTLY.
# yarn lockfile v1


"@cspotcode/source-map-support@^0.8.0":
  version "0.8.1"
  resolved "https://registry.npmjs.org/@cspotcode/source-map-support/-/source-map-support-0.8.1.tgz"
  integrity sha512-IchNf6dN4tHoMFIn/7OE8LWZ19Y6q/67Bmf6vnGREv8RSbBVb9LPJxEcnwrcwX6ixSvaiGoomAUvu4YSxXrVgw==
  dependencies:
    "@jridgewell/trace-mapping" "0.3.9"

"@jridgewell/resolve-uri@^3.0.3":
  version "3.1.0"
  resolved "https://registry.npmjs.org/@jridgewell/resolve-uri/-/resolve-uri-3.1.0.tgz"
  integrity sha512-F2msla3tad+Mfht5cJq7LSXcdudKTWCVYUgw6pLFOOHSTtZlj6SWNYAp+AhuqLmWdBO2X5hPrLcu8cVP8fy28w==

"@jridgewell/sourcemap-codec@^1.4.10":
  version "1.4.14"
  resolved "https://registry.npmjs.org/@jridgewell/sourcemap-codec/-/sourcemap-codec-1.4.14.tgz"
  integrity sha512-XPSJHWmi394fuUuzDnGz1wiKqWfo1yXecHQMRf2l6hztTO+nPru658AyDngaBe7isIxEkRsPR3FZh+s7iVa4Uw==

"@jridgewell/trace-mapping@0.3.9":
  version "0.3.9"
  resolved "https://registry.npmjs.org/@jridgewell/trace-mapping/-/trace-mapping-0.3.9.tgz"
  integrity sha512-3Belt6tdc8bPgAtbcmdtNJlirVoTmEb5e2gC94PnkwEW9jI6CAHUeoG85tjWP5WquqfavoMtMwiG4P926ZKKuQ==
  dependencies:
    "@jridgewell/resolve-uri" "^3.0.3"
    "@jridgewell/sourcemap-codec" "^1.4.10"

"@scarf/scarf@^1.1.1":
  version "1.1.1"
  resolved "https://registry.npmjs.org/@scarf/scarf/-/scarf-1.1.1.tgz"
  integrity sha512-VGbKDbk1RFIaSmdVb0cNjjWJoRWRI/Weo23AjRCC2nryO0iAS8pzsToJfPVPtVs74WHw4L1UTADNdIYRLkirZQ==

"@ton-community/func-js@^0.2.1":
  version "0.2.1"
  resolved "https://registry.npmjs.org/@ton-community/func-js/-/func-js-0.2.1.tgz"
  integrity sha512-4rbjhiAmVY+a5xuyg9ZO8X+YAuOEJNshmgtCh5NpH1zKleZEZ+OwBR6KK/c+JaEElpRS+Y53uLbWLGYwMF2B1A==

"@tsconfig/node10@^1.0.7":
  version "1.0.9"
  resolved "https://registry.npmjs.org/@tsconfig/node10/-/node10-1.0.9.tgz"
  integrity sha512-jNsYVVxU8v5g43Erja32laIDHXeoNvFEpX33OK4d6hljo3jDhCBDhx5dhCCTMWUojscpAagGiRkBKxpdl9fxqA==

"@tsconfig/node12@^1.0.7":
  version "1.0.11"
  resolved "https://registry.npmjs.org/@tsconfig/node12/-/node12-1.0.11.tgz"
  integrity sha512-cqefuRsh12pWyGsIoBKJA9luFu3mRxCA+ORZvA4ktLSzIuCUtWVxGIuXigEwO5/ywWFMZ2QEGKWvkZG1zDMTag==

"@tsconfig/node14@^1.0.0":
  version "1.0.3"
  resolved "https://registry.npmjs.org/@tsconfig/node14/-/node14-1.0.3.tgz"
  integrity sha512-ysT8mhdixWK6Hw3i1V2AeRqZ5WfXg1G43mqoYlM2nc6388Fq5jcXyr5mRsqViLx/GJYdoL0bfXD8nmF+Zn/Iow==

"@tsconfig/node16@^1.0.2":
  version "1.0.3"
  resolved "https://registry.npmjs.org/@tsconfig/node16/-/node16-1.0.3.tgz"
  integrity sha512-yOlFc+7UtL/89t2ZhjPvvB/DeAr3r+Dq58IgzsFkOAvVC6NMJXmCGjbptdXdR9qsX7pKcTL+s87FtYREi2dEEQ==

"@types/bn.js@^5.1.0":
  version "5.1.1"
  resolved "https://registry.npmjs.org/@types/bn.js/-/bn.js-5.1.1.tgz"
  integrity sha512-qNrYbZqMx0uJAfKnKclPh+dTwK33KfLHYqtyODwd5HnXOjnkhc4qgn3BrK6RWyGZm5+sIFE7Q7Vz6QQtJB7w7g==
  dependencies:
    "@types/node" "*"

"@types/lodash-es@^4.17.6":
  version "4.17.6"
  resolved "https://registry.npmjs.org/@types/lodash-es/-/lodash-es-4.17.6.tgz"
  integrity sha512-R+zTeVUKDdfoRxpAryaQNRKk3105Rrgx2CFRClIgRGaqDTdjsm8h6IYA8ir584W3ePzkZfst5xIgDwYrlh9HLg==
  dependencies:
    "@types/lodash" "*"

"@types/lodash@*":
  version "4.14.191"
  resolved "https://registry.npmjs.org/@types/lodash/-/lodash-4.14.191.tgz"
  integrity sha512-BdZ5BCCvho3EIXw6wUCXHe7rS53AIDPLE+JzwgT+OsJk53oBfbSmZZ7CX4VaRoN78N+TJpFi9QPlfIVNmJYWxQ==

"@types/node@*", "@types/node@^18.6.5":
  version "18.11.11"
  resolved "https://registry.npmjs.org/@types/node/-/node-18.11.11.tgz"
  integrity sha512-KJ021B1nlQUBLopzZmPBVuGU9un7WJd/W4ya7Ih02B4Uwky5Nja0yGYav2EfYIk0RR2Q9oVhf60S2XR1BCWJ2g==

"@types/seedrandom@^3.0.2":
  version "3.0.2"
  resolved "https://registry.npmjs.org/@types/seedrandom/-/seedrandom-3.0.2.tgz"
  integrity sha512-YPLqEOo0/X8JU3rdiq+RgUKtQhQtrppE766y7vMTu8dGML7TVtZNiiiaC/hhU9Zqw9UYopXxhuWWENclMVBwKQ==

acorn-walk@^8.1.1:
  version "8.2.0"
  resolved "https://registry.npmjs.org/acorn-walk/-/acorn-walk-8.2.0.tgz"
  integrity sha512-k+iyHEuPgSw6SbuDpGQM+06HQUa04DZ3o+F6CSzXMvvI5KMvnaEqXe+YVe555R9nn6GPt404fos4wcgpw12SDA==

acorn@^8.4.1:
  version "8.8.1"
  resolved "https://registry.npmjs.org/acorn/-/acorn-8.8.1.tgz"
  integrity sha512-7zFpHzhnqYKrkYdUjF1HI1bzd0VygEGX8lFk4k5zVMqHEoES+P+7TKI+EvLO9WVMJ8eekdO0aDEK044xTXwPPA==

arg@^4.1.0:
  version "4.1.3"
  resolved "https://registry.npmjs.org/arg/-/arg-4.1.3.tgz"
  integrity sha512-58S9QDqG0Xx27YwPSt9fJxivjYl432YCwfDMfZ+71RAqUrZef7LrKQZ3LHLOwCS4FLNBplP533Zx895SeOCHvA==

axios@^0.25.0:
  version "0.25.0"
  resolved "https://registry.npmjs.org/axios/-/axios-0.25.0.tgz"
  integrity sha512-cD8FOb0tRH3uuEe6+evtAbgJtfxr7ly3fQjYcMcuPlgkwVS9xboaVIpcDV+cYQe+yGykgwZCs1pzjntcGa6l5g==
  dependencies:
    follow-redirects "^1.14.7"

bn.js@^5.2.0, bn.js@^5.2.1:
  version "5.2.1"
  resolved "https://registry.npmjs.org/bn.js/-/bn.js-5.2.1.tgz"
  integrity sha512-eXRvHzWyYPBuB4NBy0cmYQjGitUrtqwbvlzP3G6VFnNRbsZQIxQ10PbKKHt8gZ/HW/D/747aDl+QkDqg3KQLMQ==

bn.js@4.11.6:
  version "4.11.6"
  resolved "https://registry.npmjs.org/bn.js/-/bn.js-4.11.6.tgz"
  integrity sha512-XWwnNNFCuuSQ0m3r3C4LE3EiORltHd9M05pq6FOlVeiophzRbMo50Sbz1ehl8K3Z+jw9+vmgnXefY1hz8X+2wA==

bn.js@5.2.0:
  version "5.2.0"
  resolved "https://registry.npmjs.org/bn.js/-/bn.js-5.2.0.tgz"
  integrity sha512-D7iWRBvnZE8ecXiLj/9wbxH7Tk79fAh8IHaTNq1RWRixsS02W+5qS+iE9yq6RYl0asXx5tw0bLhmT5pIfbSquw==

create-require@^1.1.0:
  version "1.1.1"
  resolved "https://registry.npmjs.org/create-require/-/create-require-1.1.1.tgz"
  integrity sha512-dcKFX3jn0MpIaXjisoRvexIJVEKzaq7z2rZKxf+MSr9TkdmHmsU4m2lcLojrj/FHl8mk5VxMmYA+ftRkP/3oKQ==

dataloader@^2.0.0:
  version "2.1.0"
  resolved "https://registry.npmjs.org/dataloader/-/dataloader-2.1.0.tgz"
  integrity sha512-qTcEYLen3r7ojZNgVUaRggOI+KM7jrKxXeSHhogh/TWxYMeONEMqY+hmkobiYQozsGIyg9OYVzO4ZIfoB4I0pQ==

diff@^4.0.1:
  version "4.0.2"
  resolved "https://registry.npmjs.org/diff/-/diff-4.0.2.tgz"
  integrity sha512-58lmxKSA4BNyLz+HHMUzlOEpg09FV+ev6ZMe3vJihgdxzgcwZ8VoEEPmALCZG9LmqfVoNMMKpttIYTVG6uDY7A==

ethjs-unit@0.1.6:
  version "0.1.6"
  resolved "https://registry.npmjs.org/ethjs-unit/-/ethjs-unit-0.1.6.tgz"
  integrity sha512-/Sn9Y0oKl0uqQuvgFk/zQgR7aw1g36qX/jzSQ5lSwlO0GigPymk4eGQfeNTD03w1dPOqfz8V77Cy43jH56pagw==
  dependencies:
    bn.js "4.11.6"
    number-to-bn "1.7.0"

follow-redirects@^1.14.7:
  version "1.15.2"
  resolved "https://registry.npmjs.org/follow-redirects/-/follow-redirects-1.15.2.tgz"
  integrity sha512-VQLG33o04KaQ8uYi2tVNbdrWp1QWxNNea+nmIB4EVM28v0hmP17z7aG1+wAkNzVq4KeXTq3221ye5qTJP91JwA==

fp-ts@^2.10.5, fp-ts@^2.11.1, fp-ts@^2.5.0:
  version "2.13.1"
  resolved "https://registry.npmjs.org/fp-ts/-/fp-ts-2.13.1.tgz"
  integrity sha512-0eu5ULPS2c/jsa1lGFneEFFEdTbembJv8e4QKXeVJ3lm/5hyve06dlKZrpxmMwJt6rYen7sxmHHK2CLaXvWuWQ==

io-ts-reporters@^2.0.0:
  version "2.0.1"
  resolved "https://registry.npmjs.org/io-ts-reporters/-/io-ts-reporters-2.0.1.tgz"
  integrity sha512-RVpLstYBsmTGgCW9wJ5KVyN/eRnRUDp87Flt4D1O3aJ7oAnd8csq8aXuu7ZeNK8qEDKmjUl9oUuzfwikaNAMKQ==
  dependencies:
    "@scarf/scarf" "^1.1.1"

io-ts@^2.2.16:
  version "2.2.20"
  resolved "https://registry.npmjs.org/io-ts/-/io-ts-2.2.20.tgz"
  integrity sha512-Rq2BsYmtwS5vVttie4rqrOCIfHCS9TgpRLFpKQCM1wZBBRY9nWVGmEvm2FnDbSE2un1UE39DvFpTR5UL47YDcA==

is-hex-prefixed@1.0.0:
  version "1.0.0"
  resolved "https://registry.npmjs.org/is-hex-prefixed/-/is-hex-prefixed-1.0.0.tgz"
  integrity sha512-WvtOiug1VFrE9v1Cydwm+FnXd3+w9GaeVUss5W4v/SLy3UW00vP+6iNF2SdnfiBoLy4bTqVdkftNGTUeOFVsbA==

jssha@3.2.0:
  version "3.2.0"
  resolved "https://registry.npmjs.org/jssha/-/jssha-3.2.0.tgz"
  integrity sha512-QuruyBENDWdN4tZwJbQq7/eAK85FqrI4oDbXjy5IBhYD+2pTJyBUWZe8ctWaCkrV0gy6AaelgOZZBMeswEa/6Q==

lodash-es@^4.17.21:
  version "4.17.21"
  resolved "https://registry.npmjs.org/lodash-es/-/lodash-es-4.17.21.tgz"
  integrity sha512-mKnC+QJ9pWVzv+C4/U3rRsHapFfHvQFoFB92e52xeyGMcX6/OlIl78je1u8vePzYZSkkogMPJ2yjxxsb89cxyw==

make-error@^1.1.1:
  version "1.3.6"
  resolved "https://registry.npmjs.org/make-error/-/make-error-1.3.6.tgz"
  integrity sha512-s8UhlNe7vPKomQhC1qFelMokr/Sc3AgNbso3n74mVPA5LTZwkB9NlXf4XPamLxJE8h0gh73rM94xvwRT2CVInw==

number-to-bn@1.7.0:
  version "1.7.0"
  resolved "https://registry.npmjs.org/number-to-bn/-/number-to-bn-1.7.0.tgz"
  integrity sha512-wsJ9gfSz1/s4ZsJN01lyonwuxA1tml6X1yBDnfpMglypcBRFZZkus26EdPSlqS5GJfYddVZa22p3VNb3z5m5Ig==
  dependencies:
    bn.js "4.11.6"
    strip-hex-prefix "1.0.0"

seedrandom@^3.0.5:
  version "3.0.5"
  resolved "https://registry.npmjs.org/seedrandom/-/seedrandom-3.0.5.tgz"
  integrity sha512-8OwmbklUNzwezjGInmZ+2clQmExQPvomqjL7LFqOYqtmuxRgQYqOD3mHaU+MvZn5FLUeVxVfQjwLZW/n/JFuqg==

strip-hex-prefix@1.0.0:
  version "1.0.0"
  resolved "https://registry.npmjs.org/strip-hex-prefix/-/strip-hex-prefix-1.0.0.tgz"
  integrity sha512-q8d4ue7JGEiVcypji1bALTos+0pWtyGlivAWyPuTkHzuTCJqrK9sWxYQZUq6Nq3cuyv3bm734IhHvHtGGURU6A==
  dependencies:
    is-hex-prefixed "1.0.0"

symbol.inspect@1.0.1:
  version "1.0.1"
  resolved "https://registry.npmjs.org/symbol.inspect/-/symbol.inspect-1.0.1.tgz"
  integrity sha512-YQSL4duoHmLhsTD1Pw8RW6TZ5MaTX5rXJnqacJottr2P2LZBF/Yvrc3ku4NUpMOm8aM0KOCqM+UAkMA5HWQCzQ==

teslabot@^1.3.0:
  version "1.5.0"
  resolved "https://registry.npmjs.org/teslabot/-/teslabot-1.5.0.tgz"
  integrity sha512-e2MmELhCgrgZEGo7PQu/6bmYG36IDH+YrBI1iGm6jovXkeDIGa3pZ2WSqRjzkuw2vt1EqfkZoV5GpXgqL8QJVg==

ton-contract-executor@^0.6.0:
  version "0.6.0"
  resolved "https://registry.npmjs.org/ton-contract-executor/-/ton-contract-executor-0.6.0.tgz"
  integrity sha512-9qZj3ttvckxhDHPFIj7KV6CN2UVjVl07Wwg3hdEyWKrits6BXMLRTsXZKcTYY+2n+rGyri1B7o+8sGwFFgRNpw==
  dependencies:
    bn.js "^5.2.0"

ton-crypto-primitives@2.0.0:
  version "2.0.0"
  resolved "https://registry.npmjs.org/ton-crypto-primitives/-/ton-crypto-primitives-2.0.0.tgz"
  integrity sha512-K+qKjpS0h9sPW6oExcpxnzuQ7nEgHEiDKwIqE/jWD25o8iFGe3FWj1gKxFNbKE9wwYKc5IV8FwrU+raF0KO5nQ==
  dependencies:
    jssha "3.2.0"

ton-crypto@2.1.0:
  version "2.1.0"
  resolved "https://registry.npmjs.org/ton-crypto/-/ton-crypto-2.1.0.tgz"
  integrity sha512-PZnmCOShfgq9tCRM8E7hG8nCkpkOyZvDLPXmZN92ZEBrfTT0NKKf0imndkxG5DkgWMjc6IKfgpnEaJDH9qN6ZQ==
  dependencies:
    jssha "3.2.0"
    ton-crypto-primitives "2.0.0"
    tweetnacl "1.0.3"

ton@^12.1.5, ton@>=11.0.1:
  version "12.1.5"
  resolved "https://registry.npmjs.org/ton/-/ton-12.1.5.tgz"
  integrity sha512-wuk/HSiaVHocTY/r0oZUF7+RgBqQANu4MHGr9Wm2+7EqoseBFKRsDxk0vcSJwHN2oqKgn46bCQ3DhC/LRPwrJA==
  dependencies:
    axios "^0.25.0"
    bn.js "5.2.0"
    dataloader "^2.0.0"
    ethjs-unit "0.1.6"
    fp-ts "^2.11.1"
    io-ts "^2.2.16"
    io-ts-reporters "^2.0.0"
    symbol.inspect "1.0.1"
    teslabot "^1.3.0"
    ton-crypto "2.1.0"
    tweetnacl "1.0.3"

ts-node@^10.9.1:
  version "10.9.1"
  resolved "https://registry.npmjs.org/ts-node/-/ts-node-10.9.1.tgz"
  integrity sha512-NtVysVPkxxrwFGUUxGYhfux8k78pQB3JqYBXlLRZgdGUqTO5wU/UyHop5p70iEbGhB7q5KmiZiU0Y3KlJrScEw==
  dependencies:
    "@cspotcode/source-map-support" "^0.8.0"
    "@tsconfig/node10" "^1.0.7"
    "@tsconfig/node12" "^1.0.7"
    "@tsconfig/node14" "^1.0.0"
    "@tsconfig/node16" "^1.0.2"
    acorn "^8.4.1"
    acorn-walk "^8.1.1"
    arg "^4.1.0"
    create-require "^1.1.0"
    diff "^4.0.1"
    make-error "^1.1.1"
    v8-compile-cache-lib "^3.0.1"
    yn "3.1.1"

tweetnacl@1.0.3:
  version "1.0.3"
  resolved "https://registry.npmjs.org/tweetnacl/-/tweetnacl-1.0.3.tgz"
  integrity sha512-6rt+RN7aOi1nGMyC4Xa5DdYiukl2UWCbcJft7YhxReBGQD7OAM8Pbxw6YMo4r2diNEA8FEmu32YOn9rhaiE5yw==

typescript@^4.7.4, typescript@>=2.7:
  version "4.9.3"
  resolved "https://registry.npmjs.org/typescript/-/typescript-4.9.3.tgz"
  integrity sha512-CIfGzTelbKNEnLpLdGFgdyKhG23CKdKgQPOBc+OUNrkJ2vr+KSzsSV5kq5iWhEQbok+quxgGzrAtGWCyU7tHnA==

v8-compile-cache-lib@^3.0.1:
  version "3.0.1"
  resolved "https://registry.npmjs.org/v8-compile-cache-lib/-/v8-compile-cache-lib-3.0.1.tgz"
  integrity sha512-wa7YjyUGfNZngI/vtK0UHAN+lgDCxBPCylVXGp0zu59Fz5aiGtNXaq3DhIov063MorB+VfufLh3JlF2KdTK3xg==

yn@3.1.1:
  version "3.1.1"
  resolved "https://registry.npmjs.org/yn/-/yn-3.1.1.tgz"
  integrity sha512-Ux4ygGWsu2c7isFWe8Yu1YluJmqVhxqK2cLXNQA5AcC3QfbGNpM7fu0Y8b/z16pXLnFxZYvWhd3fhBY9DLmC6Q==
